{
  "name": "SimplePhotos",
  "lockfileVersion": 3,
  "requires": true,
  "packages": {
    "": {
      "dependencies": {
        "react-swipeable": "^7.0.2",
        "react-zoom-pan-pinch": "^3.6.1",
        "zustand": "^5.0.2"
      }
    },
    "node_modules/react": {
      "version": "19.0.0",
      "resolved": "https://registry.npmjs.org/react/-/react-19.0.0.tgz",
      "integrity": "sha512-V8AVnmPIICiWpGfm6GLzCR/W5FXLchHop40W4nXBmdlEceh16rCN8O8LNWm5bh5XUX91fh7KpA+W0TgMKmgTpQ==",
      "peer": true,
      "engines": {
        "node": ">=0.10.0"
      }
    },
    "node_modules/react-dom": {
      "version": "19.0.0",
      "resolved": "https://registry.npmjs.org/react-dom/-/react-dom-19.0.0.tgz",
      "integrity": "sha512-4GV5sHFG0e/0AD4X+ySy6UJd3jVl1iNsNHdpad0qhABJ11twS3TTBnseqsKurKcsNqCEFeGL3uLpVChpIO3QfQ==",
      "peer": true,
      "dependencies": {
        "scheduler": "^0.25.0"
      },
      "peerDependencies": {
        "react": "^19.0.0"
      }
    },
    "node_modules/react-swipeable": {
      "version": "7.0.2",
      "resolved": "https://registry.npmjs.org/react-swipeable/-/react-swipeable-7.0.2.tgz",
      "integrity": "sha512-v1Qx1l+aC2fdxKa9aKJiaU/ZxmJ5o98RMoFwUqAAzVWUcxgfHFXDDruCKXhw6zIYXm6V64JiHgP9f6mlME5l8w==",
      "peerDependencies": {
        "react": "^16.8.3 || ^17 || ^18 || ^19.0.0 || ^19.0.0-rc"
      }
    },
    "node_modules/react-zoom-pan-pinch": {
      "version": "3.6.1",
      "resolved": "https://registry.npmjs.org/react-zoom-pan-pinch/-/react-zoom-pan-pinch-3.6.1.tgz",
      "integrity": "sha512-SdPqdk7QDSV7u/WulkFOi+cnza8rEZ0XX4ZpeH7vx3UZEg7DoyuAy3MCmm+BWv/idPQL2Oe73VoC0EhfCN+sZQ==",
      "engines": {
        "node": ">=8",
        "npm": ">=5"
      },
      "peerDependencies": {
        "react": "*",
        "react-dom": "*"
      }
    },
    "node_modules/scheduler": {
      "version": "0.25.0",
      "resolved": "https://registry.npmjs.org/scheduler/-/scheduler-0.25.0.tgz",
      "integrity": "sha512-xFVuu11jh+xcO7JOAGJNOXld8/TcEHK/4CituBUeUb5hqxJLj9YuemAEuvm9gQ/+pgXYfbQuqAkiYu+u7YEsNA==",
      "peer": true
    },
    "node_modules/zustand": {
      "version": "5.0.2",
      "resolved": "https://registry.npmjs.org/zustand/-/zustand-5.0.2.tgz",
      "integrity": "sha512-8qNdnJVJlHlrKXi50LDqqUNmUbuBjoKLrYQBnoChIbVph7vni+sY+YpvdjXG9YLd/Bxr6scMcR+rm5H3aSqPaw==",
      "engines": {
        "node": ">=12.20.0"
      },
      "peerDependencies": {
        "@types/react": ">=18.0.0",
        "immer": ">=9.0.6",
        "react": ">=18.0.0",
        "use-sync-external-store": ">=1.2.0"
      },
      "peerDependenciesMeta": {
        "@types/react": {
          "optional": true
        },
        "immer": {
          "optional": true
        },
        "react": {
          "optional": true
        },
        "use-sync-external-store": {
          "optional": true
        }
      }
    }
  }
}
